
Microsoft Visual Studio Solution File, Format Version 12.00
# Visual Studio Version 17
VisualStudioVersion = 17.4.33205.214
MinimumVisualStudioVersion = 10.0.40219.1
Project("{FAE04EC0-301F-11D3-BF4B-00C04F79EFBC}") = "IdentityAutentication", "IdentityAutentication\IdentityAutentication.csproj", "{CFF57503-08D7-4A46-8FCE-6578B8124109}"
EndProject
Global
	GlobalSection(SolutionConfigurationPlatforms) = preSolution
		Debug|Any CPU = Debug|Any CPU
		Release|Any CPU = Release|Any CPU
	EndGlobalSection
	GlobalSection(ProjectConfigurationPlatforms) = postSolution
		{CFF57503-08D7-4A46-8FCE-6578B8124109}.Debug|Any CPU.ActiveCfg = Debug|Any CPU
		{CFF57503-08D7-4A46-8FCE-6578B8124109}.Debug|Any CPU.Build.0 = Debug|Any CPU
		{CFF57503-08D7-4A46-8FCE-6578B8124109}.Release|Any CPU.ActiveCfg = Release|Any CPU
		{CFF57503-08D7-4A46-8FCE-6578B8124109}.Release|Any CPU.Build.0 = Release|Any CPU
	EndGlobalSection
	GlobalSection(SolutionProperties) = preSolution
		HideSolutionNode = FALSE
	EndGlobalSection
	GlobalSection(ExtensibilityGlobals) = postSolution
		SolutionGuid = {39389636-6A2E-4636-9EA4-16DBE73EE75F}
	EndGlobalSection
EndGlobal
